
Microsoft Visual Studio Solution File, Format Version 12.00
# Visual Studio Version 17
VisualStudioVersion = 17.3.32901.215
MinimumVisualStudioVersion = 10.0.40219.1
Project("{FAE04EC0-301F-11D3-BF4B-00C04F79EFBC}") = "Hostel_MS", "Hostel_MS\Hostel_MS.csproj", "{841CBDB4-2A20-4CAD-83A0-B60953B87A51}"
EndProject
Global
	GlobalSection(SolutionConfigurationPlatforms) = preSolution
		Debug|Any CPU = Debug|Any CPU
		Release|Any CPU = Release|Any CPU
	EndGlobalSection
	GlobalSection(ProjectConfigurationPlatforms) = postSolution
		{841CBDB4-2A20-4CAD-83A0-B60953B87A51}.Debug|Any CPU.ActiveCfg = Debug|Any CPU
		{841CBDB4-2A20-4CAD-83A0-B60953B87A51}.Debug|Any CPU.Build.0 = Debug|Any CPU
		{841CBDB4-2A20-4CAD-83A0-B60953B87A51}.Release|Any CPU.ActiveCfg = Release|Any CPU
		{841CBDB4-2A20-4CAD-83A0-B60953B87A51}.Release|Any CPU.Build.0 = Release|Any CPU
	EndGlobalSection
	GlobalSection(SolutionProperties) = preSolution
		HideSolutionNode = FALSE
	EndGlobalSection
	GlobalSection(ExtensibilityGlobals) = postSolution
		SolutionGuid = {89357D29-1694-4F50-B7E8-59FB309DC480}
	EndGlobalSection
EndGlobal
